{
  "name": "@jameslnewell/git-diff",
  "version": "0.7.2",
  "lockfileVersion": 3,
  "requires": true,
  "packages": {
    "": {
      "name": "@jameslnewell/git-diff",
      "version": "0.7.2",
      "dependencies": {
        "@types/picomatch": "^4.0.3",
        "debug": "^4.4.3",
        "picomatch": "^4.0.7"
      },
      "devDependencies": {
        "@jameslnewell/prettier-config": "^2.0.0",
        "@jameslnewell/typescript-config": "^6.0.0",
        "@types/debug": "^4.1.13",
        "@types/node": "^26.6.3",
        "prettier": "^3.9.9",
        "typescript": "^5.8.3"
      }
    },
    "node_modules/@jameslnewell/prettier-config": {
      "version": "2.0.0",
      "resolved": "https://registry.npmjs.org/@jameslnewell/prettier-config/-/prettier-config-2.0.0.tgz",
      "integrity": "sha512-q7tS7Axe7v7MB7vS1VP6TTAccBIRHB847vMsPD7C0bzj2dP20UE5r124UnK5FcwmWqToWSBPzR10Rg7+e7Fakw==",
      "dev": true,
      "license": "MIT",
      "peerDependencies": {
        "prettier": "^3.0.0"
      }
    },
    "node_modules/@jameslnewell/typescript-config": {
      "version": "6.0.0",
      "resolved": "https://registry.npmjs.org/@jameslnewell/typescript-config/-/typescript-config-6.0.0.tgz",
      "integrity": "sha512-BizEoJwBSz36rPXhPSd6UZCvdrAPibylYJOpiD+0FfHDpJ1DL6yYKHWfGew/06jZLQGfqcUT+uUVLXz/h6U0FQ==",
      "dev": true,
      "license": "MIT"
    },
    "node_modules/@types/debug": {
      "version": "4.1.13",
      "resolved": "https://registry.npmjs.org/@types/debug/-/debug-4.1.13.tgz",
      "integrity": "sha512-KSVgmQmzMwPlmtljOomayoR89W4FynCAi3E8PPs7vmDVPe84hT+vGPKkJfThkmXs0x0jAaa9U8uW8bbfyS2fWw==",
      "dev": true,
      "license": "MIT",
      "dependencies": {
        "@types/ms": "*"
      }
    },
    "node_modules/@types/ms": {
      "version": "2.1.0",
      "resolved": "https://registry.npmjs.org/@types/ms/-/ms-2.1.0.tgz",
      "integrity": "sha512-GsCCIZDE/p3i96vtEqx+7dBUGXrc7zeSK3wwPHIaRThS+9OhWIXRqzs4d6k1SVU8g91DrNRWxWUGhp5KXQb2VA==",
      "dev": true,
      "license": "MIT"
    },
    "node_modules/@types/node": {
      "version": "26.6.3",
      "resolved": "https://registry.npmjs.org/@types/node/-/node-26.6.3.tgz",
      "integrity": "sha512-dsqMQQoeTLqu9wynDD00q573mNzso3IdQOAfHRJqLCcmCFPoGo9A1bDpUcv/9tnKpErQWv9uKeGfl37EIS02Yg==",
      "dev": true,
      "license": "MIT",
      "dependencies": {
        "undici-types": "~8.9.0"
      }
    },
    "node_modules/@types/picomatch": {
      "version": "4.0.3",
      "resolved": "https://registry.npmjs.org/@types/picomatch/-/picomatch-4.0.3.tgz",
      "integrity": "sha512-iG0T6+nYJ9FAPmx9SsUlnwcq1ZVRuCXcVEvWnntoPlrOpwtSTKNDC9uVAxTsC3PUvJ+99n4RpAcNgBbHX3JSnQ==",
      "license": "MIT"
    },
    "node_modules/debug": {
      "version": "4.4.3",
      "resolved": "https://registry.npmjs.org/debug/-/debug-4.4.3.tgz",
      "integrity": "sha512-RGwwWnwQvkVfavKVt22FGLw+xYSdzARwm0ru6DhTVA3umU5hZc28V3kO4stgYryrTlLpuvgI9GiijltAjNbcqA==",
      "license": "MIT",
      "dependencies": {
        "ms": "^2.1.3"
      },
      "engines": {
        "node": ">=6.0"
      },
      "peerDependenciesMeta": {
        "supports-color": {
          "optional": true
        }
      }
    },
    "node_modules/ms": {
      "version": "2.1.3",
      "resolved": "https://registry.npmjs.org/ms/-/ms-2.1.3.tgz",
      "integrity": "sha512-6FlzubTLZG3J2a/NVCAleEhjzq5oxgHyaCU9yYXvcLsvoVaHJq/s5xXI6/XXP6tz7R9xAOtHnSO/tXtF3WRTlA==",
      "license": "MIT"
    },
    "node_modules/picomatch": {
      "version": "4.0.7",
      "resolved": "https://registry.npmjs.org/picomatch/-/picomatch-4.0.7.tgz",
      "integrity": "sha512-qcJu88Q2IWqJsDD529JKMdwGm/dvInW4HvQnRwiH9JtihJvzGOscDtHE3x1pBKeUOTysQ8kVmLnJ2kJu7yhcGA==",
      "license": "MIT",
      "engines": {
        "node": ">=12"
      },
      "funding": {
        "url": "https://github.com/sponsors/jonschlinkert"
      }
    },
    "node_modules/prettier": {
      "version": "3.9.9",
      "resolved": "https://registry.npmjs.org/prettier/-/prettier-3.9.9.tgz",
      "integrity": "sha512-Z/CJHIkdujO/OtN7nXUii0Rf3VT5SRuhjBA82Xvu2XhBUgX3nhP67T0LHceBdQLex7OOFGTox+Q5Yg8Jk2Qivg==",
      "dev": true,
      "license": "MIT",
      "bin": {
        "prettier": "bin/prettier.cjs"
      },
      "engines": {
        "node": ">=14"
      },
      "funding": {
        "url": "https://github.com/prettier/prettier?sponsor=1"
      }
    },
    "node_modules/typescript": {
      "version": "5.8.3",
      "resolved": "https://registry.npmjs.org/typescript/-/typescript-5.8.3.tgz",
      "integrity": "sha512-p1diW6TqL9L07nNxvRMM7hMMw4c5XOo/1ibL4aAIGmSAt9slTE1Xgw5KWuof2uTOvCg9BY7ZRi+GaF+7sfgPeQ==",
      "dev": true,
      "bin": {
        "tsc": "bin/tsc",
        "tsserver": "bin/tsserver"
      },
      "engines": {
        "node": ">=14.17"
      }
    },
    "node_modules/undici-types": {
      "version": "8.9.0",
      "resolved": "https://registry.npmjs.org/undici-types/-/undici-types-8.9.0.tgz",
      "integrity": "sha512-KTDyRTYX8sWmKXAikPHHSyc63CRPETMctyjKFupcC6OBLXT3xsN0e9aF7m+mIXutFWpUXuedtowG7iLOzp0kQg==",
      "dev": true,
      "license": "MIT"
    }
  }
}
